// !$*UTF8*$!
{
	archiveVersion = 1;
	classes = {
	};
	objectVersion = 56;
	objects = {

/* Begin PBXBuildFile section */
		5E226C1E2BFA434A00C3701A /* FirebaseAnalytics in Frameworks */ = {isa = PBXBuildFile; productRef = 5E226C1D2BFA434A00C3701A /* FirebaseAnalytics */; };
		5E226C202BFA434A00C3701A /* FirebaseAnalyticsOnDeviceConversion in Frameworks */ = {isa = PBXBuildFile; productRef = 5E226C1F2BFA434A00C3701A /* FirebaseAnalyticsOnDeviceConversion */; };
		5E226C222BFA434A00C3701A /* FirebaseAnalyticsSwift in Frameworks */ = {isa = PBXBuildFile; productRef = 5E226C212BFA434A00C3701A /* FirebaseAnalyticsSwift */; };
		5E226C242BFA434A00C3701A /* FirebaseAnalyticsWithoutAdIdSupport in Frameworks */ = {isa = PBXBuildFile; productRef = 5E226C232BFA434A00C3701A /* FirebaseAnalyticsWithoutAdIdSupport */; };
		5E226C262BFA434A00C3701A /* FirebaseAppCheck in Frameworks */ = {isa = PBXBuildFile; productRef = 5E226C252BFA434A00C3701A /* FirebaseAppCheck */; };
		5E226C2A2BFA434A00C3701A /* FirebaseAuth in Frameworks */ = {isa = PBXBuildFile; productRef = 5E226C292BFA434A00C3701A /* FirebaseAuth */; };
		5E226C2E2BFA434A00C3701A /* FirebaseDatabase in Frameworks */ = {isa = PBXBuildFile; productRef = 5E226C2D2BFA434A00C3701A /* FirebaseDatabase */; };
		5E226C302BFA434A00C3701A /* FirebaseDatabaseSwift in Frameworks */ = {isa = PBXBuildFile; productRef = 5E226C2F2BFA434A00C3701A /* FirebaseDatabaseSwift */; };
		5E226C322BFA434A00C3701A /* FirebaseFirestore in Frameworks */ = {isa = PBXBuildFile; productRef = 5E226C312BFA434A00C3701A /* FirebaseFirestore */; };
		5E226C3A2BFA434A00C3701A /* FirebaseRemoteConfig in Frameworks */ = {isa = PBXBuildFile; productRef = 5E226C392BFA434A00C3701A /* FirebaseRemoteConfig */; };
		5E226C3C2BFA434A00C3701A /* FirebaseRemoteConfigSwift in Frameworks */ = {isa = PBXBuildFile; productRef = 5E226C3B2BFA434A00C3701A /* FirebaseRemoteConfigSwift */; };
		5E226C3E2BFA434A00C3701A /* FirebaseStorage in Frameworks */ = {isa = PBXBuildFile; productRef = 5E226C3D2BFA434A00C3701A /* FirebaseStorage */; };
		5E226C402BFA434A00C3701A /* FirebaseStorageCombine-Community in Frameworks */ = {isa = PBXBuildFile; productRef = 5E226C3F2BFA434A00C3701A /* FirebaseStorageCombine-Community */; };
		5E226C442BFB034A00C3701A /* FirebaseFirestoreSwift in Frameworks */ = {isa = PBXBuildFile; productRef = 5E226C432BFB034A00C3701A /* FirebaseFirestoreSwift */; };
		5E60556F2BF63B29007A25F0 /* AppDelegate.swift in Sources */ = {isa = PBXBuildFile; fileRef = 5E60556E2BF63B29007A25F0 /* AppDelegate.swift */; };
		5E6055712BF63B29007A25F0 /* SceneDelegate.swift in Sources */ = {isa = PBXBuildFile; fileRef = 5E6055702BF63B29007A25F0 /* SceneDelegate.swift */; };
		5E6055732BF63B29007A25F0 /* ViewController.swift in Sources */ = {isa = PBXBuildFile; fileRef = 5E6055722BF63B29007A25F0 /* ViewController.swift */; };
		5E6055762BF63B29007A25F0 /* Main.storyboard in Resources */ = {isa = PBXBuildFile; fileRef = 5E6055742BF63B29007A25F0 /* Main.storyboard */; };
		5E6055782BF63B2A007A25F0 /* Assets.xcassets in Resources */ = {isa = PBXBuildFile; fileRef = 5E6055772BF63B2A007A25F0 /* Assets.xcassets */; };
		5E60557B2BF63B2A007A25F0 /* LaunchScreen.storyboard in Resources */ = {isa = PBXBuildFile; fileRef = 5E6055792BF63B2A007A25F0 /* LaunchScreen.storyboard */; };
		5E6055862BF63B2A007A25F0 /* FirebaseDemoTests.swift in Sources */ = {isa = PBXBuildFile; fileRef = 5E6055852BF63B2A007A25F0 /* FirebaseDemoTests.swift */; };
		5E6055902BF63B2A007A25F0 /* FirebaseDemoUITests.swift in Sources */ = {isa = PBXBuildFile; fileRef = 5E60558F2BF63B2A007A25F0 /* FirebaseDemoUITests.swift */; };
		5E6055922BF63B2A007A25F0 /* FirebaseDemoUITestsLaunchTests.swift in Sources */ = {isa = PBXBuildFile; fileRef = 5E6055912BF63B2A007A25F0 /* FirebaseDemoUITestsLaunchTests.swift */; };
/* End PBXBuildFile section */

/* Begin PBXContainerItemProxy section */
		5E6055822BF63B2A007A25F0 /* PBXContainerItemProxy */ = {
			isa = PBXContainerItemProxy;
			containerPortal = 5E6055632BF63B29007A25F0 /* Project object */;
			proxyType = 1;
			remoteGlobalIDString = 5E60556A2BF63B29007A25F0;
			remoteInfo = FirebaseDemo;
		};
		5E60558C2BF63B2A007A25F0 /* PBXContainerItemProxy */ = {
			isa = PBXContainerItemProxy;
			containerPortal = 5E6055632BF63B29007A25F0 /* Project object */;
			proxyType = 1;
			remoteGlobalIDString = 5E60556A2BF63B29007A25F0;
			remoteInfo = FirebaseDemo;
		};
/* End PBXContainerItemProxy section */

/* Begin PBXFileReference section */
		5E226C412BFA470600C3701A /* FirebaseDemo.entitlements */ = {isa = PBXFileReference; lastKnownFileType = text.plist.entitlements; path = FirebaseDemo.entitlements; sourceTree = "<group>"; };
		5E60556B2BF63B29007A25F0 /* FirebaseDemo.app */ = {isa = PBXFileReference; explicitFileType = wrapper.application; includeInIndex = 0; path = FirebaseDemo.app; sourceTree = BUILT_PRODUCTS_DIR; };
		5E60556E2BF63B29007A25F0 /* AppDelegate.swift */ = {isa = PBXFileReference; lastKnownFileType = sourcecode.swift; path = AppDelegate.swift; sourceTree = "<group>"; };
		5E6055702BF63B29007A25F0 /* SceneDelegate.swift */ = {isa = PBXFileReference; lastKnownFileType = sourcecode.swift; path = SceneDelegate.swift; sourceTree = "<group>"; };
		5E6055722BF63B29007A25F0 /* ViewController.swift */ = {isa = PBXFileReference; lastKnownFileType = sourcecode.swift; path = ViewController.swift; sourceTree = "<group>"; };
		5E6055752BF63B29007A25F0 /* Base */ = {isa = PBXFileReference; lastKnownFileType = file.storyboard; name = Base; path = Base.lproj/Main.storyboard; sourceTree = "<group>"; };
		5E6055772BF63B2A007A25F0 /* Assets.xcassets */ = {isa = PBXFileReference; lastKnownFileType = folder.assetcatalog; path = Assets.xcassets; sourceTree = "<group>"; };
		5E60557A2BF63B2A007A25F0 /* Base */ = {isa = PBXFileReference; lastKnownFileType = file.storyboard; name = Base; path = Base.lproj/LaunchScreen.storyboard; sourceTree = "<group>"; };
		5E60557C2BF63B2A007A25F0 /* Info.plist */ = {isa = PBXFileReference; lastKnownFileType = text.plist.xml; path = Info.plist; sourceTree = "<group>"; };
		5E6055812BF63B2A007A25F0 /* FirebaseDemoTests.xctest */ = {isa = PBXFileReference; explicitFileType = wrapper.cfbundle; includeInIndex = 0; path = FirebaseDemoTests.xctest; sourceTree = BUILT_PRODUCTS_DIR; };
		5E6055852BF63B2A007A25F0 /* FirebaseDemoTests.swift */ = {isa = PBXFileReference; lastKnownFileType = sourcecode.swift; path = FirebaseDemoTests.swift; sourceTree = "<group>"; };
		5E60558B2BF63B2A007A25F0 /* FirebaseDemoUITests.xctest */ = {isa = PBXFileReference; explicitFileType = wrapper.cfbundle; includeInIndex = 0; path = FirebaseDemoUITests.xctest; sourceTree = BUILT_PRODUCTS_DIR; };
		5E60558F2BF63B2A007A25F0 /* FirebaseDemoUITests.swift */ = {isa = PBXFileReference; lastKnownFileType = sourcecode.swift; path = FirebaseDemoUITests.swift; sourceTree = "<group>"; };
		5E6055912BF63B2A007A25F0 /* FirebaseDemoUITestsLaunchTests.swift */ = {isa = PBXFileReference; lastKnownFileType = sourcecode.swift; path = FirebaseDemoUITestsLaunchTests.swift; sourceTree = "<group>"; };
/* End PBXFileReference section */

/* Begin PBXFrameworksBuildPhase section */
		5E6055682BF63B29007A25F0 /* Frameworks */ = {
			isa = PBXFrameworksBuildPhase;
			buildActionMask = 2147483647;
			files = (
				5E226C302BFA434A00C3701A /* FirebaseDatabaseSwift in Frameworks */,
				5E226C222BFA434A00C3701A /* FirebaseAnalyticsSwift in Frameworks */,
				5E226C1E2BFA434A00C3701A /* FirebaseAnalytics in Frameworks */,
				5E226C442BFB034A00C3701A /* FirebaseFirestoreSwift in Frameworks */,
				5E226C202BFA434A00C3701A /* FirebaseAnalyticsOnDeviceConversion in Frameworks */,
				5E226C262BFA434A00C3701A /* FirebaseAppCheck in Frameworks */,
				5E226C242BFA434A00C3701A /* FirebaseAnalyticsWithoutAdIdSupport in Frameworks */,
				5E226C2E2BFA434A00C3701A /* FirebaseDatabase in Frameworks */,
				5E226C3C2BFA434A00C3701A /* FirebaseRemoteConfigSwift in Frameworks */,
				5E226C3A2BFA434A00C3701A /* FirebaseRemoteConfig in Frameworks */,
				5E226C3E2BFA434A00C3701A /* FirebaseStorage in Frameworks */,
				5E226C2A2BFA434A00C3701A /* FirebaseAuth in Frameworks */,
				5E226C322BFA434A00C3701A /* FirebaseFirestore in Frameworks */,
				5E226C402BFA434A00C3701A /* FirebaseStorageCombine-Community in Frameworks */,
			);
			runOnlyForDeploymentPostprocessing = 0;
		};
		5E60557E2BF63B2A007A25F0 /* Frameworks */ = {
			isa = PBXFrameworksBuildPhase;
			buildActionMask = 2147483647;
			files = (
			);
			runOnlyForDeploymentPostprocessing = 0;
		};
		5E6055882BF63B2A007A25F0 /* Frameworks */ = {
			isa = PBXFrameworksBuildPhase;
			buildActionMask = 2147483647;
			files = (
			);
			runOnlyForDeploymentPostprocessing = 0;
		};
/* End PBXFrameworksBuildPhase section */

/* Begin PBXGroup section */
		5E226C422BFB034A00C3701A /* Frameworks */ = {
			isa = PBXGroup;
			children = (
			);
			name = Frameworks;
			sourceTree = "<group>";
		};
		5E6055622BF63B29007A25F0 = {
			isa = PBXGroup;
			children = (
				5E60556D2BF63B29007A25F0 /* FirebaseDemo */,
				5E6055842BF63B2A007A25F0 /* FirebaseDemoTests */,
				5E60558E2BF63B2A007A25F0 /* FirebaseDemoUITests */,
				5E60556C2BF63B29007A25F0 /* Products */,
				5E226C422BFB034A00C3701A /* Frameworks */,
			);
			sourceTree = "<group>";
		};
		5E60556C2BF63B29007A25F0 /* Products */ = {
			isa = PBXGroup;
			children = (
				5E60556B2BF63B29007A25F0 /* FirebaseDemo.app */,
				5E6055812BF63B2A007A25F0 /* FirebaseDemoTests.xctest */,
				5E60558B2BF63B2A007A25F0 /* FirebaseDemoUITests.xctest */,
			);
			name = Products;
			sourceTree = "<group>";
		};
		5E60556D2BF63B29007A25F0 /* FirebaseDemo */ = {
			isa = PBXGroup;
			children = (
				5E226C412BFA470600C3701A /* FirebaseDemo.entitlements */,
				5E60556E2BF63B29007A25F0 /* AppDelegate.swift */,
				5E6055702BF63B29007A25F0 /* SceneDelegate.swift */,
				5E6055722BF63B29007A25F0 /* ViewController.swift */,
				5E6055742BF63B29007A25F0 /* Main.storyboard */,
				5E6055772BF63B2A007A25F0 /* Assets.xcassets */,
				5E6055792BF63B2A007A25F0 /* LaunchScreen.storyboard */,
				5E60557C2BF63B2A007A25F0 /* Info.plist */,
			);
			path = FirebaseDemo;
			sourceTree = "<group>";
		};
		5E6055842BF63B2A007A25F0 /* FirebaseDemoTests */ = {
			isa = PBXGroup;
			children = (
				5E6055852BF63B2A007A25F0 /* FirebaseDemoTests.swift */,
			);
			path = FirebaseDemoTests;
			sourceTree = "<group>";
		};
		5E60558E2BF63B2A007A25F0 /* FirebaseDemoUITests */ = {
			isa = PBXGroup;
			children = (
				5E60558F2BF63B2A007A25F0 /* FirebaseDemoUITests.swift */,
				5E6055912BF63B2A007A25F0 /* FirebaseDemoUITestsLaunchTests.swift */,
			);
			path = FirebaseDemoUITests;
			sourceTree = "<group>";
		};
/* End PBXGroup section */

/* Begin PBXNativeTarget section */
		5E60556A2BF63B29007A25F0 /* FirebaseDemo */ = {
			isa = PBXNativeTarget;
			buildConfigurationList = 5E6055952BF63B2A007A25F0 /* Build configuration list for PBXNativeTarget "FirebaseDemo" */;
			buildPhases = (
				5E6055672BF63B29007A25F0 /* Sources */,
				5E6055682BF63B29007A25F0 /* Frameworks */,
				5E6055692BF63B29007A25F0 /* Resources */,
			);
			buildRules = (
			);
			dependencies = (
			);
			name = FirebaseDemo;
			packageProductDependencies = (
				5E226C1D2BFA434A00C3701A /* FirebaseAnalytics */,
				5E226C1F2BFA434A00C3701A /* FirebaseAnalyticsOnDeviceConversion */,
				5E226C212BFA434A00C3701A /* FirebaseAnalyticsSwift */,
				5E226C232BFA434A00C3701A /* FirebaseAnalyticsWithoutAdIdSupport */,
				5E226C252BFA434A00C3701A /* FirebaseAppCheck */,
				5E226C292BFA434A00C3701A /* FirebaseAuth */,
				5E226C2D2BFA434A00C3701A /* FirebaseDatabase */,
				5E226C2F2BFA434A00C3701A /* FirebaseDatabaseSwift */,
				5E226C312BFA434A00C3701A /* FirebaseFirestore */,
				5E226C392BFA434A00C3701A /* FirebaseRemoteConfig */,
				5E226C3B2BFA434A00C3701A /* FirebaseRemoteConfigSwift */,
				5E226C3D2BFA434A00C3701A /* FirebaseStorage */,
				5E226C3F2BFA434A00C3701A /* FirebaseStorageCombine-Community */,
				5E226C432BFB034A00C3701A /* FirebaseFirestoreSwift */,
			);
			productName = FirebaseDemo;
			productReference = 5E60556B2BF63B29007A25F0 /* FirebaseDemo.app */;
			productType = "com.apple.product-type.application";
		};
		5E6055802BF63B2A007A25F0 /* FirebaseDemoTests */ = {
			isa = PBXNativeTarget;
			buildConfigurationList = 5E6055982BF63B2A007A25F0 /* Build configuration list for PBXNativeTarget "FirebaseDemoTests" */;
			buildPhases = (
				5E60557D2BF63B2A007A25F0 /* Sources */,
				5E60557E2BF63B2A007A25F0 /* Frameworks */,
				5E60557F2BF63B2A007A25F0 /* Resources */,
			);
			buildRules = (
			);
			dependencies = (
				5E6055832BF63B2A007A25F0 /* PBXTargetDependency */,
			);
			name = FirebaseDemoTests;
			productName = FirebaseDemoTests;
			productReference = 5E6055812BF63B2A007A25F0 /* FirebaseDemoTests.xctest */;
			productType = "com.apple.product-type.bundle.unit-test";
		};
		5E60558A2BF63B2A007A25F0 /* FirebaseDemoUITests */ = {
			isa = PBXNativeTarget;
			buildConfigurationList = 5E60559B2BF63B2A007A25F0 /* Build configuration list for PBXNativeTarget "FirebaseDemoUITests" */;
			buildPhases = (
				5E6055872BF63B2A007A25F0 /* Sources */,
				5E6055882BF63B2A007A25F0 /* Frameworks */,
				5E6055892BF63B2A007A25F0 /* Resources */,
			);
			buildRules = (
			);
			dependencies = (
				5E60558D2BF63B2A007A25F0 /* PBXTargetDependency */,
			);
			name = FirebaseDemoUITests;
			productName = FirebaseDemoUITests;
			productReference = 5E60558B2BF63B2A007A25F0 /* FirebaseDemoUITests.xctest */;
			productType = "com.apple.product-type.bundle.ui-testing";
		};
/* End PBXNativeTarget section */

/* Begin PBXProject section */
		5E6055632BF63B29007A25F0 /* Project object */ = {
			isa = PBXProject;
			attributes = {
				BuildIndependentTargetsInParallel = 1;
				LastSwiftUpdateCheck = 1500;
				LastUpgradeCheck = 1500;
				TargetAttributes = {
					5E60556A2BF63B29007A25F0 = {
						CreatedOnToolsVersion = 15.0;
					};
					5E6055802BF63B2A007A25F0 = {
						CreatedOnToolsVersion = 15.0;
						TestTargetID = 5E60556A2BF63B29007A25F0;
					};
					5E60558A2BF63B2A007A25F0 = {
						CreatedOnToolsVersion = 15.0;
						TestTargetID = 5E60556A2BF63B29007A25F0;
					};
				};
			};
			buildConfigurationList = 5E6055662BF63B29007A25F0 /* Build configuration list for PBXProject "FirebaseDemo" */;
			compatibilityVersion = "Xcode 14.0";
			developmentRegion = en;
			hasScannedForEncodings = 0;
			knownRegions = (
				en,
				Base,
			);
			mainGroup = 5E6055622BF63B29007A25F0;
			packageReferences = (
				5E226C1C2BFA434A00C3701A /* XCRemoteSwiftPackageReference "firebase-ios-sdk" */,
			);
			productRefGroup = 5E60556C2BF63B29007A25F0 /* Products */;
			projectDirPath = "";
			projectRoot = "";
			targets = (
				5E60556A2BF63B29007A25F0 /* FirebaseDemo */,
				5E6055802BF63B2A007A25F0 /* FirebaseDemoTests */,
				5E60558A2BF63B2A007A25F0 /* FirebaseDemoUITests */,
			);
		};
/* End PBXProject section */

/* Begin PBXResourcesBuildPhase section */
		5E6055692BF63B29007A25F0 /* Resources */ = {
			isa = PBXResourcesBuildPhase;
			buildActionMask = 2147483647;
			files = (
				5E60557B2BF63B2A007A25F0 /* LaunchScreen.storyboard in Resources */,
				5E6055782BF63B2A007A25F0 /* Assets.xcassets in Resources */,
				5E6055762BF63B29007A25F0 /* Main.storyboard in Resources */,
			);
			runOnlyForDeploymentPostprocessing = 0;
		};
		5E60557F2BF63B2A007A25F0 /* Resources */ = {
			isa = PBXResourcesBuildPhase;
			buildActionMask = 2147483647;
			files = (
			);
			runOnlyForDeploymentPostprocessing = 0;
		};
		5E6055892BF63B2A007A25F0 /* Resources */ = {
			isa = PBXResourcesBuildPhase;
			buildActionMask = 2147483647;
			files = (
			);
			runOnlyForDeploymentPostprocessing = 0;
		};
/* End PBXResourcesBuildPhase section */

/* Begin PBXSourcesBuildPhase section */
		5E6055672BF63B29007A25F0 /* Sources */ = {
			isa = PBXSourcesBuildPhase;
			buildActionMask = 2147483647;
			files = (
				5E6055732BF63B29007A25F0 /* ViewController.swift in Sources */,
				5E60556F2BF63B29007A25F0 /* AppDelegate.swift in Sources */,
				5E6055712BF63B29007A25F0 /* SceneDelegate.swift in Sources */,
			);
			runOnlyForDeploymentPostprocessing = 0;
		};
		5E60557D2BF63B2A007A25F0 /* Sources */ = {
			isa = PBXSourcesBuildPhase;
			buildActionMask = 2147483647;
			files = (
				5E6055862BF63B2A007A25F0 /* FirebaseDemoTests.swift in Sources */,
			);
			runOnlyForDeploymentPostprocessing = 0;
		};
		5E6055872BF63B2A007A25F0 /* Sources */ = {
			isa = PBXSourcesBuildPhase;
			buildActionMask = 2147483647;
			files = (
				5E6055922BF63B2A007A25F0 /* FirebaseDemoUITestsLaunchTests.swift in Sources */,
				5E6055902BF63B2A007A25F0 /* FirebaseDemoUITests.swift in Sources */,
			);
			runOnlyForDeploymentPostprocessing = 0;
		};
/* End PBXSourcesBuildPhase section */

/* Begin PBXTargetDependency section */
		5E6055832BF63B2A007A25F0 /* PBXTargetDependency */ = {
			isa = PBXTargetDependency;
			target = 5E60556A2BF63B29007A25F0 /* FirebaseDemo */;
			targetProxy = 5E6055822BF63B2A007A25F0 /* PBXContainerItemProxy */;
		};
		5E60558D2BF63B2A007A25F0 /* PBXTargetDependency */ = {
			isa = PBXTargetDependency;
			target = 5E60556A2BF63B29007A25F0 /* FirebaseDemo */;
			targetProxy = 5E60558C2BF63B2A007A25F0 /* PBXContainerItemProxy */;
		};
/* End PBXTargetDependency section */

/* Begin PBXVariantGroup section */
		5E6055742BF63B29007A25F0 /* Main.storyboard */ = {
			isa = PBXVariantGroup;
			children = (
				5E6055752BF63B29007A25F0 /* Base */,
			);
			name = Main.storyboard;
			sourceTree = "<group>";
		};
		5E6055792BF63B2A007A25F0 /* LaunchScreen.storyboard */ = {
			isa = PBXVariantGroup;
			children = (
				5E60557A2BF63B2A007A25F0 /* Base */,
			);
			name = LaunchScreen.storyboard;
			sourceTree = "<group>";
		};
/* End PBXVariantGroup section */

/* Begin XCBuildConfiguration section */
		5E6055932BF63B2A007A25F0 /* Debug */ = {
			isa = XCBuildConfiguration;
			buildSettings = {
				ALWAYS_SEARCH_USER_PATHS = NO;
				ASSETCATALOG_COMPILER_GENERATE_SWIFT_ASSET_SYMBOL_EXTENSIONS = YES;
				CLANG_ANALYZER_NONNULL = YES;
				CLANG_ANALYZER_NUMBER_OBJECT_CONVERSION = YES_AGGRESSIVE;
				CLANG_CXX_LANGUAGE_STANDARD = "gnu++20";
				CLANG_ENABLE_MODULES = YES;
				CLANG_ENABLE_OBJC_ARC = YES;
				CLANG_ENABLE_OBJC_WEAK = YES;
				CLANG_WARN_BLOCK_CAPTURE_AUTORELEASING = YES;
				CLANG_WARN_BOOL_CONVERSION = YES;
				CLANG_WARN_COMMA = YES;
				CLANG_WARN_CONSTANT_CONVERSION = YES;
				CLANG_WARN_DEPRECATED_OBJC_IMPLEMENTATIONS = YES;
				CLANG_WARN_DIRECT_OBJC_ISA_USAGE = YES_ERROR;
				CLANG_WARN_DOCUMENTATION_COMMENTS = YES;
				CLANG_WARN_EMPTY_BODY = YES;
				CLANG_WARN_ENUM_CONVERSION = YES;
				CLANG_WARN_INFINITE_RECURSION = YES;
				CLANG_WARN_INT_CONVERSION = YES;
				CLANG_WARN_NON_LITERAL_NULL_CONVERSION = YES;
				CLANG_WARN_OBJC_IMPLICIT_RETAIN_SELF = YES;
				CLANG_WARN_OBJC_LITERAL_CONVERSION = YES;
				CLANG_WARN_OBJC_ROOT_CLASS = YES_ERROR;
				CLANG_WARN_QUOTED_INCLUDE_IN_FRAMEWORK_HEADER = YES;
				CLANG_WARN_RANGE_LOOP_ANALYSIS = YES;
				CLANG_WARN_STRICT_PROTOTYPES = YES;
				CLANG_WARN_SUSPICIOUS_MOVE = YES;
				CLANG_WARN_UNGUARDED_AVAILABILITY = YES_AGGRESSIVE;
				CLANG_WARN_UNREACHABLE_CODE = YES;
				CLANG_WARN__DUPLICATE_METHOD_MATCH = YES;
				COPY_PHASE_STRIP = NO;
				DEBUG_INFORMATION_FORMAT = dwarf;
				ENABLE_STRICT_OBJC_MSGSEND = YES;
				ENABLE_TESTABILITY = YES;
				ENABLE_USER_SCRIPT_SANDBOXING = YES;
				GCC_C_LANGUAGE_STANDARD = gnu17;
				GCC_DYNAMIC_NO_PIC = NO;
				GCC_NO_COMMON_BLOCKS = YES;
				GCC_OPTIMIZATION_LEVEL = 0;
				GCC_PREPROCESSOR_DEFINITIONS = (
					"DEBUG=1",
					"$(inherited)",
				);
				GCC_WARN_64_TO_32_BIT_CONVERSION = YES;
				GCC_WARN_ABOUT_RETURN_TYPE = YES_ERROR;
				GCC_WARN_UNDECLARED_SELECTOR = YES;
				GCC_WARN_UNINITIALIZED_AUTOS = YES_AGGRESSIVE;
				GCC_WARN_UNUSED_FUNCTION = YES;
				GCC_WARN_UNUSED_VARIABLE = YES;
				IPHONEOS_DEPLOYMENT_TARGET = 17.0;
				LOCALIZATION_PREFERS_STRING_CATALOGS = YES;
				MTL_ENABLE_DEBUG_INFO = INCLUDE_SOURCE;
				MTL_FAST_MATH = YES;
				ONLY_ACTIVE_ARCH = YES;
				SDKROOT = iphoneos;
				SWIFT_ACTIVE_COMPILATION_CONDITIONS = "DEBUG $(inherited)";
				SWIFT_OPTIMIZATION_LEVEL = "-Onone";
			};
			name = Debug;
		};
		5E6055942BF63B2A007A25F0 /* Release */ = {
			isa = XCBuildConfiguration;
			buildSettings = {
				ALWAYS_SEARCH_USER_PATHS = NO;
				ASSETCATALOG_COMPILER_GENERATE_SWIFT_ASSET_SYMBOL_EXTENSIONS = YES;
				CLANG_ANALYZER_NONNULL = YES;
				CLANG_ANALYZER_NUMBER_OBJECT_CONVERSION = YES_AGGRESSIVE;
				CLANG_CXX_LANGUAGE_STANDARD = "gnu++20";
				CLANG_ENABLE_MODULES = YES;
				CLANG_ENABLE_OBJC_ARC = YES;
				CLANG_ENABLE_OBJC_WEAK = YES;
				CLANG_WARN_BLOCK_CAPTURE_AUTORELEASING = YES;
				CLANG_WARN_BOOL_CONVERSION = YES;
				CLANG_WARN_COMMA = YES;
				CLANG_WARN_CONSTANT_CONVERSION = YES;
				CLANG_WARN_DEPRECATED_OBJC_IMPLEMENTATIONS = YES;
				CLANG_WARN_DIRECT_OBJC_ISA_USAGE = YES_ERROR;
				CLANG_WARN_DOCUMENTATION_COMMENTS = YES;
				CLANG_WARN_EMPTY_BODY = YES;
				CLANG_WARN_ENUM_CONVERSION = YES;
				CLANG_WARN_INFINITE_RECURSION = YES;
				CLANG_WARN_INT_CONVERSION = YES;
				CLANG_WARN_NON_LITERAL_NULL_CONVERSION = YES;
				CLANG_WARN_OBJC_IMPLICIT_RETAIN_SELF = YES;
				CLANG_WARN_OBJC_LITERAL_CONVERSION = YES;
				CLANG_WARN_OBJC_ROOT_CLASS = YES_ERROR;
				CLANG_WARN_QUOTED_INCLUDE_IN_FRAMEWORK_HEADER = YES;
				CLANG_WARN_RANGE_LOOP_ANALYSIS = YES;
				CLANG_WARN_STRICT_PROTOTYPES = YES;
				CLANG_WARN_SUSPICIOUS_MOVE = YES;
				CLANG_WARN_UNGUARDED_AVAILABILITY = YES_AGGRESSIVE;
				CLANG_WARN_UNREACHABLE_CODE = YES;
				CLANG_WARN__DUPLICATE_METHOD_MATCH = YES;
				COPY_PHASE_STRIP = NO;
				DEBUG_INFORMATION_FORMAT = "dwarf-with-dsym";
				ENABLE_NS_ASSERTIONS = NO;
				ENABLE_STRICT_OBJC_MSGSEND = YES;
				ENABLE_USER_SCRIPT_SANDBOXING = YES;
				GCC_C_LANGUAGE_STANDARD = gnu17;
				GCC_NO_COMMON_BLOCKS = YES;
				GCC_WARN_64_TO_32_BIT_CONVERSION = YES;
				GCC_WARN_ABOUT_RETURN_TYPE = YES_ERROR;
				GCC_WARN_UNDECLARED_SELECTOR = YES;
				GCC_WARN_UNINITIALIZED_AUTOS = YES_AGGRESSIVE;
				GCC_WARN_UNUSED_FUNCTION = YES;
				GCC_WARN_UNUSED_VARIABLE = YES;
				IPHONEOS_DEPLOYMENT_TARGET = 17.0;
				LOCALIZATION_PREFERS_STRING_CATALOGS = YES;
				MTL_ENABLE_DEBUG_INFO = NO;
				MTL_FAST_MATH = YES;
				SDKROOT = iphoneos;
				SWIFT_COMPILATION_MODE = wholemodule;
				VALIDATE_PRODUCT = YES;
			};
			name = Release;
		};
		5E6055962BF63B2A007A25F0 /* Debug */ = {
			isa = XCBuildConfiguration;
			buildSettings = {
				ASSETCATALOG_COMPILER_APPICON_NAME = AppIcon;
				ASSETCATALOG_COMPILER_GLOBAL_ACCENT_COLOR_NAME = AccentColor;
				CODE_SIGN_ENTITLEMENTS = FirebaseDemo/FirebaseDemo.entitlements;
				CODE_SIGN_STYLE = Automatic;
				CURRENT_PROJECT_VERSION = 1;
				DEVELOPMENT_TEAM = 34926K97KP;
				GENERATE_INFOPLIST_FILE = YES;
				INFOPLIST_FILE = FirebaseDemo/Info.plist;
				INFOPLIST_KEY_UIApplicationSupportsIndirectInputEvents = YES;
				INFOPLIST_KEY_UILaunchStoryboardName = LaunchScreen;
				INFOPLIST_KEY_UIMainStoryboardFile = Main;
				INFOPLIST_KEY_UISupportedInterfaceOrientations = UIInterfaceOrientationPortrait;
				INFOPLIST_KEY_UISupportedInterfaceOrientations_iPad = "UIInterfaceOrientationPortrait UIInterfaceOrientationPortraitUpsideDown";
				LD_RUNPATH_SEARCH_PATHS = (
					"$(inherited)",
					"@executable_path/Frameworks",
				);
				MARKETING_VERSION = 1.0;
				PRODUCT_BUNDLE_IDENTIFIER = practice.FirebaseDemo;
				PRODUCT_NAME = "$(TARGET_NAME)";
				SWIFT_EMIT_LOC_STRINGS = YES;
				SWIFT_VERSION = 5.0;
				TARGETED_DEVICE_FAMILY = "1,2";
			};
			name = Debug;
		};
		5E6055972BF63B2A007A25F0 /* Release */ = {
			isa = XCBuildConfiguration;
			buildSettings = {
				ASSETCATALOG_COMPILER_APPICON_NAME = AppIcon;
				ASSETCATALOG_COMPILER_GLOBAL_ACCENT_COLOR_NAME = AccentColor;
				CODE_SIGN_ENTITLEMENTS = FirebaseDemo/FirebaseDemo.entitlements;
				CODE_SIGN_STYLE = Automatic;
				CURRENT_PROJECT_VERSION = 1;
				DEVELOPMENT_TEAM = 34926K97KP;
				GENERATE_INFOPLIST_FILE = YES;
				INFOPLIST_FILE = FirebaseDemo/Info.plist;
				INFOPLIST_KEY_UIApplicationSupportsIndirectInputEvents = YES;
				INFOPLIST_KEY_UILaunchStoryboardName = LaunchScreen;
				INFOPLIST_KEY_UIMainStoryboardFile = Main;
				INFOPLIST_KEY_UISupportedInterfaceOrientations = UIInterfaceOrientationPortrait;
				INFOPLIST_KEY_UISupportedInterfaceOrientations_iPad = "UIInterfaceOrientationPortrait UIInterfaceOrientationPortraitUpsideDown";
				LD_RUNPATH_SEARCH_PATHS = (
					"$(inherited)",
					"@executable_path/Frameworks",
				);
				MARKETING_VERSION = 1.0;
				PRODUCT_BUNDLE_IDENTIFIER = practice.FirebaseDemo;
				PRODUCT_NAME = "$(TARGET_NAME)";
				SWIFT_EMIT_LOC_STRINGS = YES;
				SWIFT_VERSION = 5.0;
				TARGETED_DEVICE_FAMILY = "1,2";
			};
			name = Release;
		};
		5E6055992BF63B2A007A25F0 /* Debug */ = {
			isa = XCBuildConfiguration;
			buildSettings = {
				ALWAYS_EMBED_SWIFT_STANDARD_LIBRARIES = YES;
				BUNDLE_LOADER = "$(TEST_HOST)";
				CODE_SIGN_STYLE = Automatic;
				CURRENT_PROJECT_VERSION = 1;
				DEVELOPMENT_TEAM = 34926K97KP;
				GENERATE_INFOPLIST_FILE = YES;
				IPHONEOS_DEPLOYMENT_TARGET = 17.0;
				MARKETING_VERSION = 1.0;
				PRODUCT_BUNDLE_IDENTIFIER = practice.FirebaseDemoTests;
				PRODUCT_NAME = "$(TARGET_NAME)";
				SWIFT_EMIT_LOC_STRINGS = NO;
				SWIFT_VERSION = 5.0;
				TARGETED_DEVICE_FAMILY = "1,2";
				TEST_HOST = "$(BUILT_PRODUCTS_DIR)/FirebaseDemo.app/$(BUNDLE_EXECUTABLE_FOLDER_PATH)/FirebaseDemo";
			};
			name = Debug;
		};
		5E60559A2BF63B2A007A25F0 /* Release */ = {
			isa = XCBuildConfiguration;
			buildSettings = {
				ALWAYS_EMBED_SWIFT_STANDARD_LIBRARIES = YES;
				BUNDLE_LOADER = "$(TEST_HOST)";
				CODE_SIGN_STYLE = Automatic;
				CURRENT_PROJECT_VERSION = 1;
				DEVELOPMENT_TEAM = 34926K97KP;
				GENERATE_INFOPLIST_FILE = YES;
				IPHONEOS_DEPLOYMENT_TARGET = 17.0;
				MARKETING_VERSION = 1.0;
				PRODUCT_BUNDLE_IDENTIFIER = practice.FirebaseDemoTests;
				PRODUCT_NAME = "$(TARGET_NAME)";
				SWIFT_EMIT_LOC_STRINGS = NO;
				SWIFT_VERSION = 5.0;
				TARGETED_DEVICE_FAMILY = "1,2";
				TEST_HOST = "$(BUILT_PRODUCTS_DIR)/FirebaseDemo.app/$(BUNDLE_EXECUTABLE_FOLDER_PATH)/FirebaseDemo";
			};
			name = Release;
		};
		5E60559C2BF63B2A007A25F0 /* Debug */ = {
			isa = XCBuildConfiguration;
			buildSettings = {
				ALWAYS_EMBED_SWIFT_STANDARD_LIBRARIES = YES;
				CODE_SIGN_STYLE = Automatic;
				CURRENT_PROJECT_VERSION = 1;
				DEVELOPMENT_TEAM = 34926K97KP;
				GENERATE_INFOPLIST_FILE = YES;
				MARKETING_VERSION = 1.0;
				PRODUCT_BUNDLE_IDENTIFIER = practice.FirebaseDemoUITests;
				PRODUCT_NAME = "$(TARGET_NAME)";
				SWIFT_EMIT_LOC_STRINGS = NO;
				SWIFT_VERSION = 5.0;
				TARGETED_DEVICE_FAMILY = "1,2";
				TEST_TARGET_NAME = FirebaseDemo;
			};
			name = Debug;
		};
		5E60559D2BF63B2A007A25F0 /* Release */ = {
			isa = XCBuildConfiguration;
			buildSettings = {
				ALWAYS_EMBED_SWIFT_STANDARD_LIBRARIES = YES;
				CODE_SIGN_STYLE = Automatic;
				CURRENT_PROJECT_VERSION = 1;
				DEVELOPMENT_TEAM = 34926K97KP;
				GENERATE_INFOPLIST_FILE = YES;
				MARKETING_VERSION = 1.0;
				PRODUCT_BUNDLE_IDENTIFIER = practice.FirebaseDemoUITests;
				PRODUCT_NAME = "$(TARGET_NAME)";
				SWIFT_EMIT_LOC_STRINGS = NO;
				SWIFT_VERSION = 5.0;
				TARGETED_DEVICE_FAMILY = "1,2";
				TEST_TARGET_NAME = FirebaseDemo;
			};
			name = Release;
		};
/* End XCBuildConfiguration section */

/* Begin XCConfigurationList section */
		5E6055662BF63B29007A25F0 /* Build configuration list for PBXProject "FirebaseDemo" */ = {
			isa = XCConfigurationList;
			buildConfigurations = (
				5E6055932BF63B2A007A25F0 /* Debug */,
				5E6055942BF63B2A007A25F0 /* Release */,
			);
			defaultConfigurationIsVisible = 0;
			defaultConfigurationName = Release;
		};
		5E6055952BF63B2A007A25F0 /* Build configuration list for PBXNativeTarget "FirebaseDemo" */ = {
			isa = XCConfigurationList;
			buildConfigurations = (
				5E6055962BF63B2A007A25F0 /* Debug */,
				5E6055972BF63B2A007A25F0 /* Release */,
			);
			defaultConfigurationIsVisible = 0;
			defaultConfigurationName = Release;
		};
		5E6055982BF63B2A007A25F0 /* Build configuration list for PBXNativeTarget "FirebaseDemoTests" */ = {
			isa = XCConfigurationList;
			buildConfigurations = (
				5E6055992BF63B2A007A25F0 /* Debug */,
				5E60559A2BF63B2A007A25F0 /* Release */,
			);
			defaultConfigurationIsVisible = 0;
			defaultConfigurationName = Release;
		};
		5E60559B2BF63B2A007A25F0 /* Build configuration list for PBXNativeTarget "FirebaseDemoUITests" */ = {
			isa = XCConfigurationList;
			buildConfigurations = (
				5E60559C2BF63B2A007A25F0 /* Debug */,
				5E60559D2BF63B2A007A25F0 /* Release */,
			);
			defaultConfigurationIsVisible = 0;
			defaultConfigurationName = Release;
		};
/* End XCConfigurationList section */

/* Begin XCRemoteSwiftPackageReference section */
		5E226C1C2BFA434A00C3701A /* XCRemoteSwiftPackageReference "firebase-ios-sdk" */ = {
			isa = XCRemoteSwiftPackageReference;
			repositoryURL = "https://github.com/firebase/firebase-ios-sdk";
			requirement = {
				kind = upToNextMajorVersion;
				minimumVersion = 10.26.0;
			};
		};
/* End XCRemoteSwiftPackageReference section */

/* Begin XCSwiftPackageProductDependency section */
		5E226C1D2BFA434A00C3701A /* FirebaseAnalytics */ = {
			isa = XCSwiftPackageProductDependency;
			package = 5E226C1C2BFA434A00C3701A /* XCRemoteSwiftPackageReference "firebase-ios-sdk" */;
			productName = FirebaseAnalytics;
		};
		5E226C1F2BFA434A00C3701A /* FirebaseAnalyticsOnDeviceConversion */ = {
			isa = XCSwiftPackageProductDependency;
			package = 5E226C1C2BFA434A00C3701A /* XCRemoteSwiftPackageReference "firebase-ios-sdk" */;
			productName = FirebaseAnalyticsOnDeviceConversion;
		};
		5E226C212BFA434A00C3701A /* FirebaseAnalyticsSwift */ = {
			isa = XCSwiftPackageProductDependency;
			package = 5E226C1C2BFA434A00C3701A /* XCRemoteSwiftPackageReference "firebase-ios-sdk" */;
			productName = FirebaseAnalyticsSwift;
		};
		5E226C232BFA434A00C3701A /* FirebaseAnalyticsWithoutAdIdSupport */ = {
			isa = XCSwiftPackageProductDependency;
			package = 5E226C1C2BFA434A00C3701A /* XCRemoteSwiftPackageReference "firebase-ios-sdk" */;
			productName = FirebaseAnalyticsWithoutAdIdSupport;
		};
		5E226C252BFA434A00C3701A /* FirebaseAppCheck */ = {
			isa = XCSwiftPackageProductDependency;
			package = 5E226C1C2BFA434A00C3701A /* XCRemoteSwiftPackageReference "firebase-ios-sdk" */;
			productName = FirebaseAppCheck;
		};
		5E226C292BFA434A00C3701A /* FirebaseAuth */ = {
			isa = XCSwiftPackageProductDependency;
			package = 5E226C1C2BFA434A00C3701A /* XCRemoteSwiftPackageReference "firebase-ios-sdk" */;
			productName = FirebaseAuth;
		};
		5E226C2D2BFA434A00C3701A /* FirebaseDatabase */ = {
			isa = XCSwiftPackageProductDependency;
			package = 5E226C1C2BFA434A00C3701A /* XCRemoteSwiftPackageReference "firebase-ios-sdk" */;
			productName = FirebaseDatabase;
		};
		5E226C2F2BFA434A00C3701A /* FirebaseDatabaseSwift */ = {
			isa = XCSwiftPackageProductDependency;
			package = 5E226C1C2BFA434A00C3701A /* XCRemoteSwiftPackageReference "firebase-ios-sdk" */;
			productName = FirebaseDatabaseSwift;
		};
		5E226C312BFA434A00C3701A /* FirebaseFirestore */ = {
			isa = XCSwiftPackageProductDependency;
			package = 5E226C1C2BFA434A00C3701A /* XCRemoteSwiftPackageReference "firebase-ios-sdk" */;
			productName = FirebaseFirestore;
		};
		5E226C392BFA434A00C3701A /* FirebaseRemoteConfig */ = {
			isa = XCSwiftPackageProductDependency;
			package = 5E226C1C2BFA434A00C3701A /* XCRemoteSwiftPackageReference "firebase-ios-sdk" */;
			productName = FirebaseRemoteConfig;
		};
		5E226C3B2BFA434A00C3701A /* FirebaseRemoteConfigSwift */ = {
			isa = XCSwiftPackageProductDependency;
			package = 5E226C1C2BFA434A00C3701A /* XCRemoteSwiftPackageReference "firebase-ios-sdk" */;
			productName = FirebaseRemoteConfigSwift;
		};
		5E226C3D2BFA434A00C3701A /* FirebaseStorage */ = {
			isa = XCSwiftPackageProductDependency;
			package = 5E226C1C2BFA434A00C3701A /* XCRemoteSwiftPackageReference "firebase-ios-sdk" */;
			productName = FirebaseStorage;
		};
		5E226C3F2BFA434A00C3701A /* FirebaseStorageCombine-Community */ = {
			isa = XCSwiftPackageProductDependency;
			package = 5E226C1C2BFA434A00C3701A /* XCRemoteSwiftPackageReference "firebase-ios-sdk" */;
			productName = "FirebaseStorageCombine-Community";
		};
		5E226C432BFB034A00C3701A /* FirebaseFirestoreSwift */ = {
			isa = XCSwiftPackageProductDependency;
			package = 5E226C1C2BFA434A00C3701A /* XCRemoteSwiftPackageReference "firebase-ios-sdk" */;
			productName = FirebaseFirestoreSwift;
		};
/* End XCSwiftPackageProductDependency section */
	};
	rootObject = 5E6055632BF63B29007A25F0 /* Project object */;
}
